
Microsoft Visual Studio Solution File, Format Version 12.00
# Visual Studio 2013
VisualStudioVersion = 12.0.31101.0
MinimumVisualStudioVersion = 10.0.40219.1
Project("{FAE04EC0-301F-11D3-BF4B-00C04F79EFBC}") = "Lelands", "Lelands.csproj", "{D0BB0849-0BB3-4E7B-B6A3-06AFE2FC5CA0}"
EndProject
Project("{FAE04EC0-301F-11D3-BF4B-00C04F79EFBC}") = "UniMail", "Utils\Mailer\UniMail.csproj", "{9491018F-19B3-48F2-B8F7-46413D4EFB5F}"
EndProject
Global
	GlobalSection(TeamFoundationVersionControl) = preSolution
		SccNumberOfProjects = 3
		SccEnterpriseProvider = {4CA58AB2-18FA-4F8D-95D4-32DDF27D184C}
		SccTeamFoundationServer = https://esporttfs.visualstudio.com/defaultcollection
		SccLocalPath0 = .
		SccProjectUniqueName1 = Lelands.csproj
		SccLocalPath1 = .
		SccProjectUniqueName2 = Utils\\Mailer\\UniMail.csproj
		SccProjectName2 = Utils/Mailer
		SccLocalPath2 = Utils\\Mailer
	EndGlobalSection
	GlobalSection(SolutionConfigurationPlatforms) = preSolution
		Debug|Any CPU = Debug|Any CPU
		Release|Any CPU = Release|Any CPU
	EndGlobalSection
	GlobalSection(ProjectConfigurationPlatforms) = postSolution
		{D0BB0849-0BB3-4E7B-B6A3-06AFE2FC5CA0}.Debug|Any CPU.ActiveCfg = Debug|Any CPU
		{D0BB0849-0BB3-4E7B-B6A3-06AFE2FC5CA0}.Debug|Any CPU.Build.0 = Debug|Any CPU
		{D0BB0849-0BB3-4E7B-B6A3-06AFE2FC5CA0}.Release|Any CPU.ActiveCfg = Release|Any CPU
		{D0BB0849-0BB3-4E7B-B6A3-06AFE2FC5CA0}.Release|Any CPU.Build.0 = Release|Any CPU
		{9491018F-19B3-48F2-B8F7-46413D4EFB5F}.Debug|Any CPU.ActiveCfg = Debug|Any CPU
		{9491018F-19B3-48F2-B8F7-46413D4EFB5F}.Debug|Any CPU.Build.0 = Debug|Any CPU
		{9491018F-19B3-48F2-B8F7-46413D4EFB5F}.Release|Any CPU.ActiveCfg = Release|Any CPU
		{9491018F-19B3-48F2-B8F7-46413D4EFB5F}.Release|Any CPU.Build.0 = Release|Any CPU
	EndGlobalSection
	GlobalSection(SolutionProperties) = preSolution
		HideSolutionNode = FALSE
	EndGlobalSection
EndGlobal
